Microsoft Visual Studio Solution File, Format Version 12.00
# TcXaeShell Solution File, Format Version 11.00
VisualStudioVersion = 17.10.35827.194
MinimumVisualStudioVersion = 10.0.40219.1
Project("{2150E333-8FDC-42A3-9474-1A3956D46DE8}") = "TwinCAT-ADS", "TwinCAT-ADS", "{A1B2C3D4-0001-0001-0001-000000000001}"
EndProject
Project("{2150E333-8FDC-42A3-9474-1A3956D46DE8}") = "TwinCAT-HMI", "TwinCAT-HMI", "{A1B2C3D4-0002-0002-0002-000000000002}"
EndProject
Project("{B1E792BE-AA5F-4E3C-8C82-674BF9C0715B}") = "TwinCAT Project3", "..\TwinCAT-ADS\TwinCAT Project3\TwinCAT Project3.tsproj", "{FAC0DB3E-4281-4ECF-94BA-D69A04196B35}"
EndProject
Project("{FE7A1B72-C5B7-4D7C-BB7D-76384D4DE8E1}") = "TcHmiProject1", "..\TwinCAT-SLM-HMI\TcHmiProject1\TcHmiProject1.hmiproj", "{F47FA2E5-5C12-43FA-B9A8-56C08BD21829}"
	ProjectSection(ProjectDependencies) = postProject
		{FAC0DB3E-4281-4ECF-94BA-D69A04196B35} = {FAC0DB3E-4281-4ECF-94BA-D69A04196B35}
	EndProjectSection
EndProject
Global
	GlobalSection(SolutionConfigurationPlatforms) = preSolution
		Debug|TwinCAT HMI = Debug|TwinCAT HMI
		Debug|TwinCAT OS (ARMV7-A) = Debug|TwinCAT OS (ARMV7-A)
		Debug|TwinCAT OS (ARMV7-M) = Debug|TwinCAT OS (ARMV7-M)
		Debug|TwinCAT OS (ARMV8-A) = Debug|TwinCAT OS (ARMV8-A)
		Debug|TwinCAT OS (x64) = Debug|TwinCAT OS (x64)
		Debug|TwinCAT OS (x64-E) = Debug|TwinCAT OS (x64-E)
		Debug|TwinCAT RT (x64) = Debug|TwinCAT RT (x64)
		Debug|TwinCAT RT (x86) = Debug|TwinCAT RT (x86)
		Release|TwinCAT HMI = Release|TwinCAT HMI
		Release|TwinCAT OS (ARMV7-A) = Release|TwinCAT OS (ARMV7-A)
		Release|TwinCAT OS (ARMV7-M) = Release|TwinCAT OS (ARMV7-M)
		Release|TwinCAT OS (ARMV8-A) = Release|TwinCAT OS (ARMV8-A)
		Release|TwinCAT OS (x64) = Release|TwinCAT OS (x64)
		Release|TwinCAT OS (x64-E) = Release|TwinCAT OS (x64-E)
		Release|TwinCAT RT (x64) = Release|TwinCAT RT (x64)
		Release|TwinCAT RT (x86) = Release|TwinCAT RT (x86)
	EndGlobalSection
	GlobalSection(ProjectConfigurationPlatforms) = postSolution
		{FAC0DB3E-4281-4ECF-94BA-D69A04196B35}.Debug|TwinCAT HMI.ActiveCfg = Debug|TwinCAT RT (x64)
		{FAC0DB3E-4281-4ECF-94BA-D69A04196B35}.Debug|TwinCAT HMI.Build.0 = Debug|TwinCAT RT (x64)
		{FAC0DB3E-4281-4ECF-94BA-D69A04196B35}.Debug|TwinCAT OS (ARMV7-A).ActiveCfg = Debug|TwinCAT OS (ARMV7-A)
		{FAC0DB3E-4281-4ECF-94BA-D69A04196B35}.Debug|TwinCAT OS (ARMV7-A).Build.0 = Debug|TwinCAT OS (ARMV7-A)
		{FAC0DB3E-4281-4ECF-94BA-D69A04196B35}.Debug|TwinCAT OS (ARMV7-M).ActiveCfg = Debug|TwinCAT OS (ARMV7-M)
		{FAC0DB3E-4281-4ECF-94BA-D69A04196B35}.Debug|TwinCAT OS (ARMV7-M).Build.0 = Debug|TwinCAT OS (ARMV7-M)
		{FAC0DB3E-4281-4ECF-94BA-D69A04196B35}.Debug|TwinCAT OS (ARMV8-A).ActiveCfg = Debug|TwinCAT OS (ARMV8-A)
		{FAC0DB3E-4281-4ECF-94BA-D69A04196B35}.Debug|TwinCAT OS (ARMV8-A).Build.0 = Debug|TwinCAT OS (ARMV8-A)
		{FAC0DB3E-4281-4ECF-94BA-D69A04196B35}.Debug|TwinCAT OS (x64).ActiveCfg = Debug|TwinCAT OS (x64)
		{FAC0DB3E-4281-4ECF-94BA-D69A04196B35}.Debug|TwinCAT OS (x64).Build.0 = Debug|TwinCAT OS (x64)
		{FAC0DB3E-4281-4ECF-94BA-D69A04196B35}.Debug|TwinCAT OS (x64-E).ActiveCfg = Debug|TwinCAT OS (x64-E)
		{FAC0DB3E-4281-4ECF-94BA-D69A04196B35}.Debug|TwinCAT OS (x64-E).Build.0 = Debug|TwinCAT OS (x64-E)
		{FAC0DB3E-4281-4ECF-94BA-D69A04196B35}.Debug|TwinCAT RT (x64).ActiveCfg = Debug|TwinCAT RT (x64)
		{FAC0DB3E-4281-4ECF-94BA-D69A04196B35}.Debug|TwinCAT RT (x64).Build.0 = Debug|TwinCAT RT (x64)
		{FAC0DB3E-4281-4ECF-94BA-D69A04196B35}.Debug|TwinCAT RT (x86).ActiveCfg = Debug|TwinCAT RT (x86)
		{FAC0DB3E-4281-4ECF-94BA-D69A04196B35}.Debug|TwinCAT RT (x86).Build.0 = Debug|TwinCAT RT (x86)
		{FAC0DB3E-4281-4ECF-94BA-D69A04196B35}.Release|TwinCAT HMI.ActiveCfg = Release|TwinCAT RT (x64)
		{FAC0DB3E-4281-4ECF-94BA-D69A04196B35}.Release|TwinCAT HMI.Build.0 = Release|TwinCAT RT (x64)
		{FAC0DB3E-4281-4ECF-94BA-D69A04196B35}.Release|TwinCAT OS (ARMV7-A).ActiveCfg = Release|TwinCAT OS (ARMV7-A)
		{FAC0DB3E-4281-4ECF-94BA-D69A04196B35}.Release|TwinCAT OS (ARMV7-A).Build.0 = Release|TwinCAT OS (ARMV7-A)
		{FAC0DB3E-4281-4ECF-94BA-D69A04196B35}.Release|TwinCAT OS (ARMV7-M).ActiveCfg = Release|TwinCAT OS (ARMV7-M)
		{FAC0DB3E-4281-4ECF-94BA-D69A04196B35}.Release|TwinCAT OS (ARMV7-M).Build.0 = Release|TwinCAT OS (ARMV7-M)
		{FAC0DB3E-4281-4ECF-94BA-D69A04196B35}.Release|TwinCAT OS (ARMV8-A).ActiveCfg = Release|TwinCAT OS (ARMV8-A)
		{FAC0DB3E-4281-4ECF-94BA-D69A04196B35}.Release|TwinCAT OS (ARMV8-A).Build.0 = Release|TwinCAT OS (ARMV8-A)
		{FAC0DB3E-4281-4ECF-94BA-D69A04196B35}.Release|TwinCAT OS (x64).ActiveCfg = Release|TwinCAT OS (x64)
		{FAC0DB3E-4281-4ECF-94BA-D69A04196B35}.Release|TwinCAT OS (x64).Build.0 = Release|TwinCAT OS (x64)
		{FAC0DB3E-4281-4ECF-94BA-D69A04196B35}.Release|TwinCAT OS (x64-E).ActiveCfg = Release|TwinCAT OS (x64-E)
		{FAC0DB3E-4281-4ECF-94BA-D69A04196B35}.Release|TwinCAT OS (x64-E).Build.0 = Release|TwinCAT OS (x64-E)
		{FAC0DB3E-4281-4ECF-94BA-D69A04196B35}.Release|TwinCAT RT (x64).ActiveCfg = Release|TwinCAT RT (x64)
		{FAC0DB3E-4281-4ECF-94BA-D69A04196B35}.Release|TwinCAT RT (x64).Build.0 = Release|TwinCAT RT (x64)
		{FAC0DB3E-4281-4ECF-94BA-D69A04196B35}.Release|TwinCAT RT (x86).ActiveCfg = Release|TwinCAT RT (x86)
		{FAC0DB3E-4281-4ECF-94BA-D69A04196B35}.Release|TwinCAT RT (x86).Build.0 = Release|TwinCAT RT (x86)
		{F47FA2E5-5C12-43FA-B9A8-56C08BD21829}.Debug|TwinCAT HMI.ActiveCfg = Debug|TwinCAT HMI
		{F47FA2E5-5C12-43FA-B9A8-56C08BD21829}.Debug|TwinCAT HMI.Build.0 = Debug|TwinCAT HMI
		{F47FA2E5-5C12-43FA-B9A8-56C08BD21829}.Debug|TwinCAT OS (ARMV7-A).ActiveCfg = Debug|TwinCAT HMI
		{F47FA2E5-5C12-43FA-B9A8-56C08BD21829}.Debug|TwinCAT OS (ARMV7-A).Build.0 = Debug|TwinCAT HMI
		{F47FA2E5-5C12-43FA-B9A8-56C08BD21829}.Debug|TwinCAT OS (ARMV7-M).ActiveCfg = Debug|TwinCAT HMI
		{F47FA2E5-5C12-43FA-B9A8-56C08BD21829}.Debug|TwinCAT OS (ARMV7-M).Build.0 = Debug|TwinCAT HMI
		{F47FA2E5-5C12-43FA-B9A8-56C08BD21829}.Debug|TwinCAT OS (ARMV8-A).ActiveCfg = Debug|TwinCAT HMI
		{F47FA2E5-5C12-43FA-B9A8-56C08BD21829}.Debug|TwinCAT OS (ARMV8-A).Build.0 = Debug|TwinCAT HMI
		{F47FA2E5-5C12-43FA-B9A8-56C08BD21829}.Debug|TwinCAT OS (x64).ActiveCfg = Debug|TwinCAT HMI
		{F47FA2E5-5C12-43FA-B9A8-56C08BD21829}.Debug|TwinCAT OS (x64).Build.0 = Debug|TwinCAT HMI
		{F47FA2E5-5C12-43FA-B9A8-56C08BD21829}.Debug|TwinCAT OS (x64-E).ActiveCfg = Debug|TwinCAT HMI
		{F47FA2E5-5C12-43FA-B9A8-56C08BD21829}.Debug|TwinCAT OS (x64-E).Build.0 = Debug|TwinCAT HMI
		{F47FA2E5-5C12-43FA-B9A8-56C08BD21829}.Debug|TwinCAT RT (x64).ActiveCfg = Debug|TwinCAT HMI
		{F47FA2E5-5C12-43FA-B9A8-56C08BD21829}.Debug|TwinCAT RT (x64).Build.0 = Debug|TwinCAT HMI
		{F47FA2E5-5C12-43FA-B9A8-56C08BD21829}.Debug|TwinCAT RT (x86).ActiveCfg = Debug|TwinCAT HMI
		{F47FA2E5-5C12-43FA-B9A8-56C08BD21829}.Debug|TwinCAT RT (x86).Build.0 = Debug|TwinCAT HMI
		{F47FA2E5-5C12-43FA-B9A8-56C08BD21829}.Release|TwinCAT HMI.ActiveCfg = Release|TwinCAT HMI
		{F47FA2E5-5C12-43FA-B9A8-56C08BD21829}.Release|TwinCAT HMI.Build.0 = Release|TwinCAT HMI
		{F47FA2E5-5C12-43FA-B9A8-56C08BD21829}.Release|TwinCAT OS (ARMV7-A).ActiveCfg = Release|TwinCAT HMI
		{F47FA2E5-5C12-43FA-B9A8-56C08BD21829}.Release|TwinCAT OS (ARMV7-A).Build.0 = Release|TwinCAT HMI
		{F47FA2E5-5C12-43FA-B9A8-56C08BD21829}.Release|TwinCAT OS (ARMV7-M).ActiveCfg = Release|TwinCAT HMI
		{F47FA2E5-5C12-43FA-B9A8-56C08BD21829}.Release|TwinCAT OS (ARMV7-M).Build.0 = Release|TwinCAT HMI
		{F47FA2E5-5C12-43FA-B9A8-56C08BD21829}.Release|TwinCAT OS (ARMV8-A).ActiveCfg = Release|TwinCAT HMI
		{F47FA2E5-5C12-43FA-B9A8-56C08BD21829}.Release|TwinCAT OS (ARMV8-A).Build.0 = Release|TwinCAT HMI
		{F47FA2E5-5C12-43FA-B9A8-56C08BD21829}.Release|TwinCAT OS (x64).ActiveCfg = Release|TwinCAT HMI
		{F47FA2E5-5C12-43FA-B9A8-56C08BD21829}.Release|TwinCAT OS (x64).Build.0 = Release|TwinCAT HMI
		{F47FA2E5-5C12-43FA-B9A8-56C08BD21829}.Release|TwinCAT OS (x64-E).ActiveCfg = Release|TwinCAT HMI
		{F47FA2E5-5C12-43FA-B9A8-56C08BD21829}.Release|TwinCAT OS (x64-E).Build.0 = Release|TwinCAT HMI
		{F47FA2E5-5C12-43FA-B9A8-56C08BD21829}.Release|TwinCAT RT (x64).ActiveCfg = Release|TwinCAT HMI
		{F47FA2E5-5C12-43FA-B9A8-56C08BD21829}.Release|TwinCAT RT (x64).Build.0 = Release|TwinCAT HMI
		{F47FA2E5-5C12-43FA-B9A8-56C08BD21829}.Release|TwinCAT RT (x86).ActiveCfg = Release|TwinCAT HMI
		{F47FA2E5-5C12-43FA-B9A8-56C08BD21829}.Release|TwinCAT RT (x86).Build.0 = Release|TwinCAT HMI
		{909A16CF-89A0-4D31-8551-9AF5F6085C81}.Debug|TwinCAT HMI.ActiveCfg = Debug|TwinCAT RT (x64)
		{909A16CF-89A0-4D31-8551-9AF5F6085C81}.Debug|TwinCAT HMI.Build.0 = Debug|TwinCAT RT (x64)
		{909A16CF-89A0-4D31-8551-9AF5F6085C81}.Debug|TwinCAT OS (ARMV7-A).ActiveCfg = Debug|TwinCAT OS (ARMV7-A)
		{909A16CF-89A0-4D31-8551-9AF5F6085C81}.Debug|TwinCAT OS (ARMV7-A).Build.0 = Debug|TwinCAT OS (ARMV7-A)
		{909A16CF-89A0-4D31-8551-9AF5F6085C81}.Debug|TwinCAT OS (ARMV7-M).ActiveCfg = Debug|TwinCAT OS (ARMV7-M)
		{909A16CF-89A0-4D31-8551-9AF5F6085C81}.Debug|TwinCAT OS (ARMV7-M).Build.0 = Debug|TwinCAT OS (ARMV7-M)
		{909A16CF-89A0-4D31-8551-9AF5F6085C81}.Debug|TwinCAT OS (ARMV8-A).ActiveCfg = Debug|TwinCAT OS (ARMV8-A)
		{909A16CF-89A0-4D31-8551-9AF5F6085C81}.Debug|TwinCAT OS (ARMV8-A).Build.0 = Debug|TwinCAT OS (ARMV8-A)
		{909A16CF-89A0-4D31-8551-9AF5F6085C81}.Debug|TwinCAT OS (x64).ActiveCfg = Debug|TwinCAT OS (x64)
		{909A16CF-89A0-4D31-8551-9AF5F6085C81}.Debug|TwinCAT OS (x64).Build.0 = Debug|TwinCAT OS (x64)
		{909A16CF-89A0-4D31-8551-9AF5F6085C81}.Debug|TwinCAT OS (x64-E).ActiveCfg = Debug|TwinCAT OS (x64-E)
		{909A16CF-89A0-4D31-8551-9AF5F6085C81}.Debug|TwinCAT OS (x64-E).Build.0 = Debug|TwinCAT OS (x64-E)
		{909A16CF-89A0-4D31-8551-9AF5F6085C81}.Debug|TwinCAT RT (x64).ActiveCfg = Debug|TwinCAT RT (x64)
		{909A16CF-89A0-4D31-8551-9AF5F6085C81}.Debug|TwinCAT RT (x64).Build.0 = Debug|TwinCAT RT (x64)
		{909A16CF-89A0-4D31-8551-9AF5F6085C81}.Debug|TwinCAT RT (x86).ActiveCfg = Debug|TwinCAT RT (x86)
		{909A16CF-89A0-4D31-8551-9AF5F6085C81}.Debug|TwinCAT RT (x86).Build.0 = Debug|TwinCAT RT (x86)
		{909A16CF-89A0-4D31-8551-9AF5F6085C81}.Release|TwinCAT HMI.ActiveCfg = Release|TwinCAT RT (x64)
		{909A16CF-89A0-4D31-8551-9AF5F6085C81}.Release|TwinCAT HMI.Build.0 = Release|TwinCAT RT (x64)
		{909A16CF-89A0-4D31-8551-9AF5F6085C81}.Release|TwinCAT OS (ARMV7-A).ActiveCfg = Release|TwinCAT OS (ARMV7-A)
		{909A16CF-89A0-4D31-8551-9AF5F6085C81}.Release|TwinCAT OS (ARMV7-A).Build.0 = Release|TwinCAT OS (ARMV7-A)
		{909A16CF-89A0-4D31-8551-9AF5F6085C81}.Release|TwinCAT OS (ARMV7-M).ActiveCfg = Release|TwinCAT OS (ARMV7-M)
		{909A16CF-89A0-4D31-8551-9AF5F6085C81}.Release|TwinCAT OS (ARMV7-M).Build.0 = Release|TwinCAT OS (ARMV7-M)
		{909A16CF-89A0-4D31-8551-9AF5F6085C81}.Release|TwinCAT OS (ARMV8-A).ActiveCfg = Release|TwinCAT OS (ARMV8-A)
		{909A16CF-89A0-4D31-8551-9AF5F6085C81}.Release|TwinCAT OS (ARMV8-A).Build.0 = Release|TwinCAT OS (ARMV8-A)
		{909A16CF-89A0-4D31-8551-9AF5F6085C81}.Release|TwinCAT OS (x64).ActiveCfg = Release|TwinCAT OS (x64)
		{909A16CF-89A0-4D31-8551-9AF5F6085C81}.Release|TwinCAT OS (x64).Build.0 = Release|TwinCAT OS (x64)
		{909A16CF-89A0-4D31-8551-9AF5F6085C81}.Release|TwinCAT OS (x64-E).ActiveCfg = Release|TwinCAT OS (x64-E)
		{909A16CF-89A0-4D31-8551-9AF5F6085C81}.Release|TwinCAT OS (x64-E).Build.0 = Release|TwinCAT OS (x64-E)
		{909A16CF-89A0-4D31-8551-9AF5F6085C81}.Release|TwinCAT RT (x64).ActiveCfg = Release|TwinCAT RT (x64)
		{909A16CF-89A0-4D31-8551-9AF5F6085C81}.Release|TwinCAT RT (x64).Build.0 = Release|TwinCAT RT (x64)
		{909A16CF-89A0-4D31-8551-9AF5F6085C81}.Release|TwinCAT RT (x86).ActiveCfg = Release|TwinCAT RT (x86)
		{909A16CF-89A0-4D31-8551-9AF5F6085C81}.Release|TwinCAT RT (x86).Build.0 = Release|TwinCAT RT (x86)
	EndGlobalSection
	GlobalSection(SolutionProperties) = preSolution
		HideSolutionNode = FALSE
	EndGlobalSection
	GlobalSection(NestedProjects) = preSolution
		{FAC0DB3E-4281-4ECF-94BA-D69A04196B35} = {A1B2C3D4-0001-0001-0001-000000000001}
		{F47FA2E5-5C12-43FA-B9A8-56C08BD21829} = {A1B2C3D4-0002-0002-0002-000000000002}
	EndGlobalSection
	GlobalSection(ExtensibilityGlobals) = postSolution
		SolutionGuid = {B67B0B3F-7525-4634-AA97-5541A3B2CFA1}
	EndGlobalSection
EndGlobal
